{
  "name": "ngx-vs-table",
  "version": "1.0.8",
  "lockfileVersion": 1,
  "requires": true,
  "dependencies": {
    "@types/jest": {
      "version": "24.0.9",
      "resolved": "https://registry.npmjs.org/@types/jest/-/jest-24.0.9.tgz",
      "integrity": "sha512-k3OOeevcBYLR5pdsOv5g3OP94h3mrJmLPHFEPWgbbVy2tGv0TZ/TlygiC848ogXhK8NL0I5up7YYtwpCp8xCJA==",
      "dev": true,
      "requires": {
        "@types/jest-diff": "*"
      }
    },
    "@types/jest-diff": {
      "version": "20.0.1",
      "resolved": "https://registry.npmjs.org/@types/jest-diff/-/jest-diff-20.0.1.tgz",
      "integrity": "sha512-yALhelO3i0hqZwhjtcr6dYyaLoCHbAMshwtj6cGxTvHZAKXHsYGdff6E8EPw3xLKY0ELUTQ69Q1rQiJENnccMA==",
      "dev": true
    },
    "lodash-es": {
      "version": "4.17.14",
      "resolved": "https://registry.npmjs.org/lodash-es/-/lodash-es-4.17.14.tgz",
      "integrity": "sha512-7zchRrGa8UZXjD/4ivUWP1867jDkhzTG2c/uj739utSd7O/pFFdxspCemIFKEEjErbcqRzn8nKnGsi7mvTgRPA=="
    }
  }
}
